{
  "version": 4,
  "terraform_version": "1.15.8",
  "serial": 18,
  "lineage": "1465e837-e72b-ffe5-b4c7-d3d0737af19a",
  "outputs": {
    "iam_policy_arn": {
      "value": "arn:aws:iam::326130805573:role/terraform_oidc_role",
      "type": "string"
    },
    "state_bucket": {
      "value": "prod-tfstate-bucket-326130805573-us-east-1",
      "type": "string"
    }
  },
  "resources": [
    {
      "mode": "data",
      "type": "aws_caller_identity",
      "name": "current",
      "provider": "provider[\"registry.terraform.io/hashicorp/aws\"]",
      "instances": [
        {
          "schema_version": 0,
          "attributes": {
            "account_id": "326130805573",
            "arn": "arn:aws:iam::326130805573:user/devops",
            "id": "326130805573",
            "user_id": "AIDAUX3XJFNC6YVNNR3HY"
          },
          "sensitive_attributes": [],
          "identity_schema_version": 0
        }
      ]
    },
    {
      "mode": "data",
      "type": "aws_iam_policy",
      "name": "admin_access",
      "provider": "provider[\"registry.terraform.io/hashicorp/aws\"]",
      "instances": [
        {
          "schema_version": 0,
          "attributes": {
            "arn": "arn:aws:iam::aws:policy/AdministratorAccess",
            "attachment_count": 2,
            "description": "Provides full access to AWS services and resources.",
            "id": "arn:aws:iam::aws:policy/AdministratorAccess",
            "name": "AdministratorAccess",
            "path": "/",
            "path_prefix": null,
            "policy": "{\"Statement\":[{\"Action\":\"*\",\"Effect\":\"Allow\",\"Resource\":\"*\"}],\"Version\":\"2012-10-17\"}",
            "policy_id": "ANPAIWMBCKSKIEE64ZLYK",
            "tags": {}
          },
          "sensitive_attributes": [],
          "identity_schema_version": 0
        }
      ]
    },
    {
      "mode": "data",
      "type": "aws_iam_policy_document",
      "name": "terraform_oidc_assume_role_policy",
      "provider": "provider[\"registry.terraform.io/hashicorp/aws\"]",
      "instances": [
        {
          "schema_version": 0,
          "attributes": {
            "id": "3134172196",
            "json": "{\n  \"Version\": \"2012-10-17\",\n  \"Statement\": [\n    {\n      \"Effect\": \"Allow\",\n      \"Action\": \"sts:AssumeRoleWithWebIdentity\",\n      \"Principal\": {\n        \"Federated\": \"arn:aws:iam::326130805573:oidc-provider/app.terraform.io\"\n      },\n      \"Condition\": {\n        \"StringEquals\": {\n          \"app.terraform.io:aud\": \"aws.workload.identity\"\n        },\n        \"StringLike\": {\n          \"app.terraform.io:sub\": \"organization:kramarov666:project:terraform-micro:workspace:*:run_phase:*\"\n        }\n      }\n    }\n  ]\n}",
            "minified_json": "{\"Version\":\"2012-10-17\",\"Statement\":[{\"Effect\":\"Allow\",\"Action\":\"sts:AssumeRoleWithWebIdentity\",\"Principal\":{\"Federated\":\"arn:aws:iam::326130805573:oidc-provider/app.terraform.io\"},\"Condition\":{\"StringEquals\":{\"app.terraform.io:aud\":\"aws.workload.identity\"},\"StringLike\":{\"app.terraform.io:sub\":\"organization:kramarov666:project:terraform-micro:workspace:*:run_phase:*\"}}}]}",
            "override_json": null,
            "override_policy_documents": null,
            "policy_id": null,
            "source_json": null,
            "source_policy_documents": null,
            "statement": [
              {
                "actions": [
                  "sts:AssumeRoleWithWebIdentity"
                ],
                "condition": [
                  {
                    "test": "StringEquals",
                    "values": [
                      "aws.workload.identity"
                    ],
                    "variable": "app.terraform.io:aud"
                  },
                  {
                    "test": "StringLike",
                    "values": [
                      "organization:kramarov666:project:terraform-micro:workspace:*:run_phase:*"
                    ],
                    "variable": "app.terraform.io:sub"
                  }
                ],
                "effect": "Allow",
                "not_actions": [],
                "not_principals": [],
                "not_resources": [],
                "principals": [
                  {
                    "identifiers": [
                      "arn:aws:iam::326130805573:oidc-provider/app.terraform.io"
                    ],
                    "type": "Federated"
                  }
                ],
                "resources": [],
                "sid": ""
              }
            ],
            "version": "2012-10-17"
          },
          "sensitive_attributes": [],
          "identity_schema_version": 0
        }
      ]
    },
    {
      "mode": "data",
      "type": "aws_region",
      "name": "current",
      "provider": "provider[\"registry.terraform.io/hashicorp/aws\"]",
      "instances": [
        {
          "schema_version": 0,
          "attributes": {
            "description": "US East (N. Virginia)",
            "endpoint": "ec2.us-east-1.amazonaws.com",
            "id": "us-east-1",
            "name": "us-east-1",
            "region": "us-east-1"
          },
          "sensitive_attributes": [],
          "identity_schema_version": 0
        }
      ]
    },
    {
      "mode": "data",
      "type": "tls_certificate",
      "name": "provider",
      "provider": "provider[\"registry.terraform.io/hashicorp/tls\"]",
      "instances": [
        {
          "schema_version": 0,
          "attributes": {
            "certificates": [
              {
                "cert_pem": "-----BEGIN CERTIFICATE-----\nMIIEkjCCA3qgAwIBAgITBn+USionzfP6wq4rAfkI7rnExjANBgkqhkiG9w0BAQsF\nADCBmDELMAkGA1UEBhMCVVMxEDAOBgNVBAgTB0FyaXpvbmExEzARBgNVBAcTClNj\nb3R0c2RhbGUxJTAjBgNVBAoTHFN0YXJmaWVsZCBUZWNobm9sb2dpZXMsIEluYy4x\nOzA5BgNVBAMTMlN0YXJmaWVsZCBTZXJ2aWNlcyBSb290IENlcnRpZmljYXRlIEF1\ndGhvcml0eSAtIEcyMB4XDTE1MDUyNTEyMDAwMFoXDTM3MTIzMTAxMDAwMFowOTEL\nMAkGA1UEBhMCVVMxDzANBgNVBAoTBkFtYXpvbjEZMBcGA1UEAxMQQW1hem9uIFJv\nb3QgQ0EgMTCCASIwDQYJKoZIhvcNAQEBBQADggEPADCCAQoCggEBALJ4gHHKeNXj\nca9HgFB0fW7Y14h29Jlo91ghYPl0hAEvrAIthtOgQ3pOsqTQNroBvo3bSMgHFzZM\n9O6II8c+6zf1tRn4SWiw3te5djgdYZ6k/oI2peVKVuRF4fn9tBb6dNqcmzU5L/qw\nIFAGbHrQgLKm+a/sRxmPUDgH3KKHOVj4utWp+UhnMJbulHheb4mjUcAwhmahRWa6\nVOujw5H5SNz/0egwLX0tdHA114gk957EWW67c4cX8jJGKLhD+rcdqsq08p8kDi1L\n93FcXmn/6pUCyziKrlA4b9v7LWIbxcceVOF34GfID5yHI9Y/QCB/IIDEgEw+OyQm\njgSubJrIqg0CAwEAAaOCATEwggEtMA8GA1UdEwEB/wQFMAMBAf8wDgYDVR0PAQH/\nBAQDAgGGMB0GA1UdDgQWBBSEGMyFNOy8DJSULghZnMeyEE4KCDAfBgNVHSMEGDAW\ngBScXwDfqgHXMCs4iKK4bUqc8hGRgzB4BggrBgEFBQcBAQRsMGowLgYIKwYBBQUH\nMAGGImh0dHA6Ly9vY3NwLnJvb3RnMi5hbWF6b250cnVzdC5jb20wOAYIKwYBBQUH\nMAKGLGh0dHA6Ly9jcnQucm9vdGcyLmFtYXpvbnRydXN0LmNvbS9yb290ZzIuY2Vy\nMD0GA1UdHwQ2MDQwMqAwoC6GLGh0dHA6Ly9jcmwucm9vdGcyLmFtYXpvbnRydXN0\nLmNvbS9yb290ZzIuY3JsMBEGA1UdIAQKMAgwBgYEVR0gADANBgkqhkiG9w0BAQsF\nAAOCAQEAYjdCXLwQtT6LLOkMm2xF4gcAevnFWAu5CIw+7bMlPLVvUOTNNWqnkzSW\nMiGpSESrnO09tKpzbeR/FoCJbM8oAxiDR3mjEH4wW6w7sGDgd9QIpuEdfF7Au/ma\neyKdpwAJfqxGF4PcnCZXmTA5YpaP7dreqsXMGz7KQ2hsVxa81Q4gLv7/wmpdLqBK\nbRRYh5TmOTFffHPLkIhqhBGWJ6bt2YFGpn6jcgAKUj6DiAdjd4lpFw85hdKrCEVN\n0FE6/V1dN2RMfjCyVSRCnTawXZwXgWHxyvkQAiSr6w10kY17RSlQOYiypok1JR4U\nakcjMS9cmvqtmg5iUaQqqcT5NJ0hGA==\n-----END CERTIFICATE-----\n",
                "is_ca": true,
                "issuer": "CN=Starfield Services Root Certificate Authority - G2,O=Starfield Technologies\\, Inc.,L=Scottsdale,ST=Arizona,C=US",
                "max_path_length": -1,
                "not_after": "2037-12-31T01:00:00Z",
                "not_before": "2015-05-25T12:00:00Z",
                "public_key_algorithm": "RSA",
                "serial_number": "144918191876577076464031512351042010504348870",
                "sha1_fingerprint": "06b25927c42a721631c1efd9431e648fa62e1e39",
                "signature_algorithm": "SHA256-RSA",
                "subject": "CN=Amazon Root CA 1,O=Amazon,C=US",
                "version": 3
              },
              {
                "cert_pem": "-----BEGIN CERTIFICATE-----\nMIIEXjCCA0agAwIBAgITB3MSTyqVLj7Rili9uF0bwM5fJzANBgkqhkiG9w0BAQsF\nADA5MQswCQYDVQQGEwJVUzEPMA0GA1UEChMGQW1hem9uMRkwFwYDVQQDExBBbWF6\nb24gUm9vdCBDQSAxMB4XDTIyMDgyMzIyMjYzNVoXDTMwMDgyMzIyMjYzNVowPDEL\nMAkGA1UEBhMCVVMxDzANBgNVBAoTBkFtYXpvbjEcMBoGA1UEAxMTQW1hem9uIFJT\nQSAyMDQ4IE0wNDCCASIwDQYJKoZIhvcNAQEBBQADggEPADCCAQoCggEBAM3pVR6A\nlQOp4xe776FdePXyejgA38mYx1ou9/jrpV6Sfn+/oqBKgwhY6ePsQHHQayWBJdBn\nv4Wz363qRI4XUh9swBFJ11TnZ3LqOMvHmWq2+loA0QPtOfXdJ2fHBLrBrngtJ/GB\n0p5olAVYrSZgvQGP16Rf8ddtNyxEEhYm3HuhmNi+vSeAq1tLYJPAvRCXonTpWdSD\nxY6hvdmxlqTYi82AtBXSfpGQ58HHM0hw0C6aQakghrwWi5fGslLOqzpimNMIsT7c\nqa0GJx6JfKqJqmQQNplO2h8n9ZsFJgBowof01ppdoLAWg6caMOM0om/VILKaa30F\n9W/r8Qjah7ltGVkCAwEAAaOCAVowggFWMBIGA1UdEwEB/wQIMAYBAf8CAQAwDgYD\nVR0PAQH/BAQDAgGGMB0GA1UdJQQWMBQGCCsGAQUFBwMBBggrBgEFBQcDAjAdBgNV\nHQ4EFgQUH1KSYVaCVH+BZtgdPQqqMlyH3QgwHwYDVR0jBBgwFoAUhBjMhTTsvAyU\nlC4IWZzHshBOCggwewYIKwYBBQUHAQEEbzBtMC8GCCsGAQUFBzABhiNodHRwOi8v\nb2NzcC5yb290Y2ExLmFtYXpvbnRydXN0LmNvbTA6BggrBgEFBQcwAoYuaHR0cDov\nL2NydC5yb290Y2ExLmFtYXpvbnRydXN0LmNvbS9yb290Y2ExLmNlcjA/BgNVHR8E\nODA2MDSgMqAwhi5odHRwOi8vY3JsLnJvb3RjYTEuYW1hem9udHJ1c3QuY29tL3Jv\nb3RjYTEuY3JsMBMGA1UdIAQMMAowCAYGZ4EMAQIBMA0GCSqGSIb3DQEBCwUAA4IB\nAQA+1O5UsAaNuW3lHzJtpNGwBnZd9QEYFtxpiAnIaV4qApnGS9OCw5ZPwie7YSlD\nZF5yyFPsFhUC2Q9uJHY/CRV1b5hIiGH0+6+w5PgKiY1MWuWT8VAaJjFxvuhM7a/e\nfN2TIw1Wd6WCl6YRisunjQOrSP+unqC8A540JNyZ1JOE3jVqat3OZBGgMvihdj2w\nY23EpwesrKiQzkHzmvSH67PVW4ycbPy08HVZnBxZ5NrlGG9bwXR3fNTaz+c+Ej6c\n5AnwI3qkOFgSkg3Y75cdFz6pO/olK+e3AqygAcv0WjzmkDPuBjssuZjCHMC56oH3\nGJkV29Di2j5prHJbwZjG1inU\n-----END CERTIFICATE-----\n",
                "is_ca": true,
                "issuer": "CN=Amazon Root CA 1,O=Amazon,C=US",
                "max_path_length": 0,
                "not_after": "2030-08-23T22:26:35Z",
                "not_before": "2022-08-23T22:26:35Z",
                "public_key_algorithm": "RSA",
                "serial_number": "166129359584585245282080020727744908546170663",
                "sha1_fingerprint": "e7b8b5a6743ce1b2f17b041de59558a41472d70c",
                "signature_algorithm": "SHA256-RSA",
                "subject": "CN=Amazon RSA 2048 M04,O=Amazon,C=US",
                "version": 3
              },
              {
                "cert_pem": "-----BEGIN CERTIFICATE-----\nMIIGVTCCBT2gAwIBAgIQB13VRuXvTOrGMLdjHTkyUjANBgkqhkiG9w0BAQsFADA8\nMQswCQYDVQQGEwJVUzEPMA0GA1UEChMGQW1hem9uMRwwGgYDVQQDExNBbWF6b24g\nUlNBIDIwNDggTTA0MB4XDTI2MDIwMjAwMDAwMFoXDTI3MDMwMzIzNTk1OVowGzEZ\nMBcGA1UEAxMQYXBwLnRlcnJhZm9ybS5pbzCCASIwDQYJKoZIhvcNAQEBBQADggEP\nADCCAQoCggEBAMTkevuuWV4QxTtcDnBldJKv2gjs9K9CKnfOsz24bgIYWprzGeUm\nLAi9IZMU8bWQ4zSYUbSW7wZVOJAbrA49x3GEZVHfdmEJ7lJAyH+LtMT+MItBQiT0\n/nGg856J1OYWsFEOEX5p1HMexKrtKT8ZaSGBMEqJ/v4zYJDofILbu0Kne95/wbBy\n2QFFb1fC5jM1X1/EPkUbMsQ2n0wpgbk+17zcGmeooL7NA/i4/PYW0a6aqzxBj6Md\n32oF7dc1Bu7bxS0DmWeVCJY28K6ajfZOHU8Ws0p9EE+9iH0qg65Qmt2+Pw6TqHVT\nXJmC1XIS4cc2uqHZitEmYHHZoNAeCCGYAncCAwEAAaOCA3IwggNuMB8GA1UdIwQY\nMBaAFB9SkmFWglR/gWbYHT0KqjJch90IMB0GA1UdDgQWBBSxNl1FCxCVUhxSw1VD\n53yJ7CNK3zCBrAYDVR0RBIGkMIGhghBhcHAudGVycmFmb3JtLmlvghNhZ2VudHMu\ndGVycmFmb3JtLmlvghRiaWxsaW5nLnRlcnJhZm9ybS5pb4IcdHJhZWZpay1zaWRl\nY2FyLnRlcnJhZm9ybS5pb4IXYXJjaGl2aXN0Lmhhc2hpY29ycC5jb22CE2F0bGFz\nLmhhc2hpY29ycC5jb22CFmFyY2hpdmlzdC50ZXJyYWZvcm0uaW8wEwYDVR0gBAww\nCjAIBgZngQwBAgEwDgYDVR0PAQH/BAQDAgWgMBMGA1UdJQQMMAoGCCsGAQUFBwMB\nMDsGA1UdHwQ0MDIwMKAuoCyGKmh0dHA6Ly9jcmwucjJtMDQuYW1hem9udHJ1c3Qu\nY29tL3IybTA0LmNybDB1BggrBgEFBQcBAQRpMGcwLQYIKwYBBQUHMAGGIWh0dHA6\nLy9vY3NwLnIybTA0LmFtYXpvbnRydXN0LmNvbTA2BggrBgEFBQcwAoYqaHR0cDov\nL2NydC5yMm0wNC5hbWF6b250cnVzdC5jb20vcjJtMDQuY2VyMAwGA1UdEwEB/wQC\nMAAwggF/BgorBgEEAdZ5AgQCBIIBbwSCAWsBaQB2AExj3JjlnB2riPYeij3ero+r\nRKM3e1+blMP7oZz8wb4mAAABnBx7LYAAAAQDAEcwRQIgfo2UUdDxlr0qlDTcx1BH\n6hylyv25Dt0WcGcy/kLObd0CIQCStpSvfjNeQupesNfx2vNVOlKGhFCIYPI9gv7x\na4l3QgB3AByfaCzp+vBFaVD4G5aKh93bMhDYTObIsuOCUkrEz1mfAAABnBx7LY0A\nAAQDAEgwRgIhAP5ylidd6qS/8RVCsE/pBLPTzS2f5flgvjh245lKGNztAiEA31EQ\n+mvgzMXzx096Pm1Mghv3J0x+iQ5VDpHe+BtClJYAdgBgTJqven93XwHUBvySDciZ\n6wscffjJUhv6+hd3O5eLyQAAAZwcey5sAAAEAwBHMEUCIDrSNwtb9evycaWdU2MQ\neV2J1djsVa1f9ZVbkHT6yQVXAiEA0zZzjFWpeQX0LnGZUCI0YKibUgv37AYFrY1A\njM9YRQIwDQYJKoZIhvcNAQELBQADggEBAEgTphPcVjCamoysNQsOr6zlz4xmmndk\neIgMwXRL/swrKsh1KUVwb+senHgaYuY3BJCH/UlwubIGKXolsIkMq65tv1Jnr5i8\nSPsdz4SJLsw856hZxfZrQF6Khe5kMRhvxbZ2l5vHrht2XiGcYGxWm4rZOMIAK7zz\nUpUyd1z9TbXpi10kL9YOh5SbGrZMUjKwJFik0lcvmVx2sa4wwclqTXtphooiTYP1\nloJSs6b6s9FTwJYVlnar/4+8Is+AdNdxMdaq63K6xe7IKG1+IwIIZXtGY+VTQMo3\n5+kYGJ4Gu4M689n5USx0jHcvOG1EAhC8QA4Hq1tr0xYKZQ6dnFeIWvQ=\n-----END CERTIFICATE-----\n",
                "is_ca": false,
                "issuer": "CN=Amazon RSA 2048 M04,O=Amazon,C=US",
                "max_path_length": -1,
                "not_after": "2027-03-03T23:59:59Z",
                "not_before": "2026-02-02T00:00:00Z",
                "public_key_algorithm": "RSA",
                "serial_number": "9791805348716467634731762399693058642",
                "sha1_fingerprint": "000375688043e988f58f82d69c9ba764d02055e0",
                "signature_algorithm": "SHA256-RSA",
                "subject": "CN=app.terraform.io",
                "version": 3
              }
            ],
            "content": null,
            "id": "2f59ee58bced1fb05292bfd60332cba6a56d301f",
            "url": "https://app.terraform.io",
            "verify_chain": true
          },
          "sensitive_attributes": [],
          "identity_schema_version": 0
        }
      ]
    },
    {
      "mode": "managed",
      "type": "aws_iam_account_alias",
      "name": "alias",
      "provider": "provider[\"registry.terraform.io/hashicorp/aws\"]",
      "instances": [
        {
          "index_key": 0,
          "schema_version": 0,
          "attributes": {
            "account_alias": "kramarov666-tfalias",
            "id": "kramarov666-tfalias"
          },
          "sensitive_attributes": [],
          "identity_schema_version": 0,
          "private": "bnVsbA=="
        }
      ]
    },
    {
      "mode": "managed",
      "type": "aws_iam_openid_connect_provider",
      "name": "hcp_terraform",
      "provider": "provider[\"registry.terraform.io/hashicorp/aws\"]",
      "instances": [
        {
          "schema_version": 0,
          "attributes": {
            "arn": "arn:aws:iam::326130805573:oidc-provider/app.terraform.io",
            "client_id_list": [
              "aws.workload.identity"
            ],
            "id": "arn:aws:iam::326130805573:oidc-provider/app.terraform.io",
            "tags": {},
            "tags_all": {
              "created_by": "terraform-bootstrap",
              "environment": "prod"
            },
            "thumbprint_list": [
              "06b25927c42a721631c1efd9431e648fa62e1e39"
            ],
            "url": "app.terraform.io"
          },
          "sensitive_attributes": [],
          "identity_schema_version": 0,
          "identity": {
            "arn": "arn:aws:iam::326130805573:oidc-provider/app.terraform.io"
          },
          "private": "bnVsbA==",
          "dependencies": [
            "data.tls_certificate.provider"
          ]
        }
      ]
    },
    {
      "mode": "managed",
      "type": "aws_iam_role",
      "name": "terraform_oidc_role",
      "provider": "provider[\"registry.terraform.io/hashicorp/aws\"]",
      "instances": [
        {
          "schema_version": 0,
          "attributes": {
            "arn": "arn:aws:iam::326130805573:role/terraform_oidc_role",
            "assume_role_policy": "{\"Statement\":[{\"Action\":\"sts:AssumeRoleWithWebIdentity\",\"Condition\":{\"StringEquals\":{\"app.terraform.io:aud\":\"aws.workload.identity\"},\"StringLike\":{\"app.terraform.io:sub\":\"organization:kramarov666:project:terraform-micro:workspace:*:run_phase:*\"}},\"Effect\":\"Allow\",\"Principal\":{\"Federated\":\"arn:aws:iam::326130805573:oidc-provider/app.terraform.io\"}}],\"Version\":\"2012-10-17\"}",
            "create_date": "2026-08-12T15:32:03Z",
            "description": "",
            "force_detach_policies": false,
            "id": "terraform_oidc_role",
            "inline_policy": [],
            "managed_policy_arns": [
              "arn:aws:iam::aws:policy/AdministratorAccess"
            ],
            "max_session_duration": 3600,
            "name": "terraform_oidc_role",
            "name_prefix": "",
            "path": "/",
            "permissions_boundary": "",
            "tags": {},
            "tags_all": {
              "created_by": "terraform-bootstrap",
              "environment": "prod"
            },
            "unique_id": "AROAUX3XJFNC4AEFXLBTN"
          },
          "sensitive_attributes": [],
          "identity_schema_version": 0,
          "identity": {
            "account_id": "326130805573",
            "name": "terraform_oidc_role"
          },
          "private": "bnVsbA==",
          "dependencies": [
            "aws_iam_openid_connect_provider.hcp_terraform",
            "data.aws_iam_policy_document.terraform_oidc_assume_role_policy",
            "data.tls_certificate.provider"
          ]
        }
      ]
    },
    {
      "mode": "managed",
      "type": "aws_iam_role_policy_attachment",
      "name": "terraform_admin_access",
      "provider": "provider[\"registry.terraform.io/hashicorp/aws\"]",
      "instances": [
        {
          "schema_version": 0,
          "attributes": {
            "id": "terraform_oidc_role/arn:aws:iam::aws:policy/AdministratorAccess",
            "policy_arn": "arn:aws:iam::aws:policy/AdministratorAccess",
            "role": "terraform_oidc_role"
          },
          "sensitive_attributes": [],
          "identity_schema_version": 0,
          "identity": {
            "account_id": "326130805573",
            "policy_arn": "arn:aws:iam::aws:policy/AdministratorAccess",
            "role": "terraform_oidc_role"
          },
          "private": "bnVsbA==",
          "dependencies": [
            "aws_iam_openid_connect_provider.hcp_terraform",
            "aws_iam_role.terraform_oidc_role",
            "data.aws_iam_policy.admin_access",
            "data.aws_iam_policy_document.terraform_oidc_assume_role_policy",
            "data.tls_certificate.provider"
          ]
        }
      ]
    },
    {
      "mode": "managed",
      "type": "aws_kms_key",
      "name": "tfstate_bucket_key",
      "provider": "provider[\"registry.terraform.io/hashicorp/aws\"]",
      "instances": [
        {
          "schema_version": 0,
          "attributes": {
            "arn": "arn:aws:kms:us-east-1:326130805573:key/68e0e4bf-035f-4801-934f-1dd30ce30450",
            "bypass_policy_lockout_safety_check": false,
            "custom_key_store_id": "",
            "customer_master_key_spec": "SYMMETRIC_DEFAULT",
            "deletion_window_in_days": 10,
            "description": "This key is used to encrypt bucket objects",
            "enable_key_rotation": false,
            "id": "68e0e4bf-035f-4801-934f-1dd30ce30450",
            "is_enabled": true,
            "key_id": "68e0e4bf-035f-4801-934f-1dd30ce30450",
            "key_usage": "ENCRYPT_DECRYPT",
            "multi_region": false,
            "policy": "{\"Id\":\"key-default-1\",\"Statement\":[{\"Action\":\"kms:*\",\"Effect\":\"Allow\",\"Principal\":{\"AWS\":\"arn:aws:iam::326130805573:root\"},\"Resource\":\"*\",\"Sid\":\"Enable IAM User Permissions\"}],\"Version\":\"2012-10-17\"}",
            "region": "us-east-1",
            "rotation_period_in_days": 0,
            "tags": {},
            "tags_all": {
              "created_by": "terraform-bootstrap",
              "environment": "prod"
            },
            "timeouts": null,
            "xks_key_id": ""
          },
          "sensitive_attributes": [],
          "identity_schema_version": 0,
          "identity": {
            "account_id": "326130805573",
            "id": "68e0e4bf-035f-4801-934f-1dd30ce30450",
            "region": "us-east-1"
          },
          "private": "eyJlMmJmYjczMC1lY2FhLTExZTYtOGY4OC0zNDM2M2JjN2M0YzAiOnsiY3JlYXRlIjoxMjAwMDAwMDAwMDB9fQ=="
        }
      ]
    },
    {
      "mode": "managed",
      "type": "aws_s3_bucket",
      "name": "tfstate_bucket",
      "provider": "provider[\"registry.terraform.io/hashicorp/aws\"]",
      "instances": [
        {
          "schema_version": 0,
          "attributes": {
            "acceleration_status": "",
            "acl": null,
            "arn": "arn:aws:s3:::prod-tfstate-bucket-326130805573-us-east-1",
            "bucket": "prod-tfstate-bucket-326130805573-us-east-1",
            "bucket_domain_name": "prod-tfstate-bucket-326130805573-us-east-1.s3.amazonaws.com",
            "bucket_namespace": "global",
            "bucket_prefix": "",
            "bucket_region": "us-east-1",
            "bucket_regional_domain_name": "prod-tfstate-bucket-326130805573-us-east-1.s3.us-east-1.amazonaws.com",
            "cors_rule": [],
            "force_destroy": false,
            "grant": [
              {
                "id": "d19002842ae9d2241582e8307897e19bac664bd7e7ed5b9485ac1192a8f54349",
                "permissions": [
                  "FULL_CONTROL"
                ],
                "type": "CanonicalUser",
                "uri": ""
              }
            ],
            "hosted_zone_id": "Z3AQBSTGFYJSTF",
            "id": "prod-tfstate-bucket-326130805573-us-east-1",
            "lifecycle_rule": [],
            "logging": [],
            "object_lock_configuration": [],
            "object_lock_enabled": false,
            "policy": "",
            "region": "us-east-1",
            "replication_configuration": [],
            "request_payer": "BucketOwner",
            "server_side_encryption_configuration": [
              {
                "rule": [
                  {
                    "apply_server_side_encryption_by_default": [
                      {
                        "kms_master_key_id": "arn:aws:kms:us-east-1:326130805573:key/68e0e4bf-035f-4801-934f-1dd30ce30450",
                        "sse_algorithm": "aws:kms"
                      }
                    ],
                    "bucket_key_enabled": false
                  }
                ]
              }
            ],
            "tags": {},
            "tags_all": {
              "created_by": "terraform-bootstrap",
              "environment": "prod"
            },
            "timeouts": null,
            "versioning": [
              {
                "enabled": true,
                "mfa_delete": false
              }
            ],
            "website": [],
            "website_domain": null,
            "website_endpoint": null
          },
          "sensitive_attributes": [],
          "identity_schema_version": 0,
          "identity": {
            "account_id": "326130805573",
            "bucket": "prod-tfstate-bucket-326130805573-us-east-1",
            "region": "us-east-1"
          },
          "private": "eyJlMmJmYjczMC1lY2FhLTExZTYtOGY4OC0zNDM2M2JjN2M0YzAiOnsiY3JlYXRlIjoxMjAwMDAwMDAwMDAwLCJkZWxldGUiOjM2MDAwMDAwMDAwMDAsInJlYWQiOjEyMDAwMDAwMDAwMDAsInVwZGF0ZSI6MTIwMDAwMDAwMDAwMH19",
          "dependencies": [
            "data.aws_caller_identity.current",
            "data.aws_region.current"
          ]
        }
      ]
    },
    {
      "mode": "managed",
      "type": "aws_s3_bucket_server_side_encryption_configuration",
      "name": "tfstate_bucket",
      "provider": "provider[\"registry.terraform.io/hashicorp/aws\"]",
      "instances": [
        {
          "schema_version": 0,
          "attributes": {
            "bucket": "prod-tfstate-bucket-326130805573-us-east-1",
            "expected_bucket_owner": "",
            "id": "prod-tfstate-bucket-326130805573-us-east-1",
            "region": "us-east-1",
            "rule": [
              {
                "apply_server_side_encryption_by_default": [
                  {
                    "kms_master_key_id": "arn:aws:kms:us-east-1:326130805573:key/68e0e4bf-035f-4801-934f-1dd30ce30450",
                    "sse_algorithm": "aws:kms"
                  }
                ],
                "blocked_encryption_types": [
                  "SSE-C"
                ],
                "bucket_key_enabled": false
              }
            ]
          },
          "sensitive_attributes": [],
          "identity_schema_version": 1,
          "identity": {
            "account_id": "326130805573",
            "bucket": "prod-tfstate-bucket-326130805573-us-east-1",
            "region": "us-east-1"
          },
          "private": "bnVsbA==",
          "dependencies": [
            "aws_kms_key.tfstate_bucket_key",
            "aws_s3_bucket.tfstate_bucket",
            "data.aws_caller_identity.current",
            "data.aws_region.current"
          ]
        }
      ]
    },
    {
      "mode": "managed",
      "type": "aws_s3_bucket_versioning",
      "name": "tfstate_bucket",
      "provider": "provider[\"registry.terraform.io/hashicorp/aws\"]",
      "instances": [
        {
          "schema_version": 0,
          "attributes": {
            "bucket": "prod-tfstate-bucket-326130805573-us-east-1",
            "expected_bucket_owner": "",
            "id": "prod-tfstate-bucket-326130805573-us-east-1",
            "mfa": null,
            "region": "us-east-1",
            "versioning_configuration": [
              {
                "mfa_delete": "Disabled",
                "status": "Enabled"
              }
            ]
          },
          "sensitive_attributes": [],
          "identity_schema_version": 1,
          "identity": {
            "account_id": "326130805573",
            "bucket": "prod-tfstate-bucket-326130805573-us-east-1",
            "region": "us-east-1"
          },
          "private": "bnVsbA==",
          "dependencies": [
            "aws_s3_bucket.tfstate_bucket",
            "data.aws_caller_identity.current",
            "data.aws_region.current"
          ]
        }
      ]
    }
  ],
  "check_results": null
}
